
Microsoft Visual Studio Solution File, Format Version 12.00
# Visual Studio Version 17
VisualStudioVersion = 17.10.35013.160
MinimumVisualStudioVersion = 10.0.40219.1
Project("{FAE04EC0-301F-11D3-BF4B-00C04F79EFBC}") = "MyBlog.Web", "MyBlog.Web\MyBlog.Web.csproj", "{A8BEB083-A8A8-41A1-9525-7A1DFD71211D}"
EndProject
Global
	GlobalSection(SolutionConfigurationPlatforms) = preSolution
		Debug|Any CPU = Debug|Any CPU
		Release|Any CPU = Release|Any CPU
	EndGlobalSection
	GlobalSection(ProjectConfigurationPlatforms) = postSolution
		{A8BEB083-A8A8-41A1-9525-7A1DFD71211D}.Debug|Any CPU.ActiveCfg = Debug|Any CPU
		{A8BEB083-A8A8-41A1-9525-7A1DFD71211D}.Debug|Any CPU.Build.0 = Debug|Any CPU
		{A8BEB083-A8A8-41A1-9525-7A1DFD71211D}.Release|Any CPU.ActiveCfg = Release|Any CPU
		{A8BEB083-A8A8-41A1-9525-7A1DFD71211D}.Release|Any CPU.Build.0 = Release|Any CPU
	EndGlobalSection
	GlobalSection(SolutionProperties) = preSolution
		HideSolutionNode = FALSE
	EndGlobalSection
	GlobalSection(ExtensibilityGlobals) = postSolution
		SolutionGuid = {72E21117-9C43-477C-A05E-FC5D3BB544E8}
	EndGlobalSection
EndGlobal
